
Microsoft Visual Studio Solution File, Format Version 12.00
# Visual Studio Version 16
VisualStudioVersion = 16.0.30804.86
MinimumVisualStudioVersion = 10.0.40219.1
Project("{8BC9CEB8-8B4A-11D0-8D11-00A0C91BC942}") = "Exam", "Exam.vcxproj", "{8FC063FF-FC26-45EC-9DA7-CD032B4E1376}"
EndProject
Global
	GlobalSection(SolutionConfigurationPlatforms) = preSolution
		Debug|x64 = Debug|x64
		Debug|x86 = Debug|x86
		Release|x64 = Release|x64
		Release|x86 = Release|x86
	EndGlobalSection
	GlobalSection(ProjectConfigurationPlatforms) = postSolution
		{8FC063FF-FC26-45EC-9DA7-CD032B4E1376}.Debug|x64.ActiveCfg = Debug|x64
		{8FC063FF-FC26-45EC-9DA7-CD032B4E1376}.Debug|x64.Build.0 = Debug|x64
		{8FC063FF-FC26-45EC-9DA7-CD032B4E1376}.Debug|x86.ActiveCfg = Debug|Win32
		{8FC063FF-FC26-45EC-9DA7-CD032B4E1376}.Debug|x86.Build.0 = Debug|Win32
		{8FC063FF-FC26-45EC-9DA7-CD032B4E1376}.Release|x64.ActiveCfg = Release|x64
		{8FC063FF-FC26-45EC-9DA7-CD032B4E1376}.Release|x64.Build.0 = Release|x64
		{8FC063FF-FC26-45EC-9DA7-CD032B4E1376}.Release|x86.ActiveCfg = Release|Win32
		{8FC063FF-FC26-45EC-9DA7-CD032B4E1376}.Release|x86.Build.0 = Release|Win32
	EndGlobalSection
	GlobalSection(SolutionProperties) = preSolution
		HideSolutionNode = FALSE
	EndGlobalSection
	GlobalSection(ExtensibilityGlobals) = postSolution
		SolutionGuid = {C5D93F4E-9999-45BB-BA84-C5CBF51824E3}
	EndGlobalSection
EndGlobal
